
Microsoft Visual Studio Solution File, Format Version 12.00
# Visual Studio 15
VisualStudioVersion = 15.0.27703.2042
MinimumVisualStudioVersion = 10.0.40219.1
Project("{FAE04EC0-301F-11D3-BF4B-00C04F79EFBC}") = "PokerLib", "PokerLib\PokerLib.csproj", "{8340CB0E-0695-4358-B9F9-2F14A6FE7A90}"
EndProject
Project("{FAE04EC0-301F-11D3-BF4B-00C04F79EFBC}") = "PokerClient", "PokerClient\PokerClient.csproj", "{3B892EE0-1C67-4AEE-8108-45F6DFF21A7E}"
EndProject
Global
	GlobalSection(SolutionConfigurationPlatforms) = preSolution
		Debug|Any CPU = Debug|Any CPU
		Release|Any CPU = Release|Any CPU
	EndGlobalSection
	GlobalSection(ProjectConfigurationPlatforms) = postSolution
		{8340CB0E-0695-4358-B9F9-2F14A6FE7A90}.Debug|Any CPU.ActiveCfg = Debug|Any CPU
		{8340CB0E-0695-4358-B9F9-2F14A6FE7A90}.Debug|Any CPU.Build.0 = Debug|Any CPU
		{8340CB0E-0695-4358-B9F9-2F14A6FE7A90}.Release|Any CPU.ActiveCfg = Release|Any CPU
		{8340CB0E-0695-4358-B9F9-2F14A6FE7A90}.Release|Any CPU.Build.0 = Release|Any CPU
		{3B892EE0-1C67-4AEE-8108-45F6DFF21A7E}.Debug|Any CPU.ActiveCfg = Debug|Any CPU
		{3B892EE0-1C67-4AEE-8108-45F6DFF21A7E}.Debug|Any CPU.Build.0 = Debug|Any CPU
		{3B892EE0-1C67-4AEE-8108-45F6DFF21A7E}.Release|Any CPU.ActiveCfg = Release|Any CPU
		{3B892EE0-1C67-4AEE-8108-45F6DFF21A7E}.Release|Any CPU.Build.0 = Release|Any CPU
	EndGlobalSection
	GlobalSection(SolutionProperties) = preSolution
		HideSolutionNode = FALSE
	EndGlobalSection
	GlobalSection(ExtensibilityGlobals) = postSolution
		SolutionGuid = {753F35FC-B576-4A0C-838D-2DCF12E2967F}
	EndGlobalSection
EndGlobal
